
Microsoft Visual Studio Solution File, Format Version 12.00
# Visual Studio Express 2013 for Windows
VisualStudioVersion = 12.0.31101.0
MinimumVisualStudioVersion = 10.0.40219.1
Project("{FAE04EC0-301F-11D3-BF4B-00C04F79EFBC}") = "Test", "Test\Test.csproj", "{CC4CDEF6-D656-4324-AFB4-C25F537D89CE}"
EndProject
Global
	GlobalSection(SolutionConfigurationPlatforms) = preSolution
		Debug|Any CPU = Debug|Any CPU
		Debug|ARM = Debug|ARM
		Debug|x86 = Debug|x86
		Release|Any CPU = Release|Any CPU
		Release|ARM = Release|ARM
		Release|x86 = Release|x86
	EndGlobalSection
	GlobalSection(ProjectConfigurationPlatforms) = postSolution
		{CC4CDEF6-D656-4324-AFB4-C25F537D89CE}.Debug|Any CPU.ActiveCfg = Debug|Any CPU
		{CC4CDEF6-D656-4324-AFB4-C25F537D89CE}.Debug|Any CPU.Build.0 = Debug|Any CPU
		{CC4CDEF6-D656-4324-AFB4-C25F537D89CE}.Debug|Any CPU.Deploy.0 = Debug|Any CPU
		{CC4CDEF6-D656-4324-AFB4-C25F537D89CE}.Debug|ARM.ActiveCfg = Debug|ARM
		{CC4CDEF6-D656-4324-AFB4-C25F537D89CE}.Debug|ARM.Build.0 = Debug|ARM
		{CC4CDEF6-D656-4324-AFB4-C25F537D89CE}.Debug|ARM.Deploy.0 = Debug|ARM
		{CC4CDEF6-D656-4324-AFB4-C25F537D89CE}.Debug|x86.ActiveCfg = Debug|x86
		{CC4CDEF6-D656-4324-AFB4-C25F537D89CE}.Debug|x86.Build.0 = Debug|x86
		{CC4CDEF6-D656-4324-AFB4-C25F537D89CE}.Debug|x86.Deploy.0 = Debug|x86
		{CC4CDEF6-D656-4324-AFB4-C25F537D89CE}.Release|Any CPU.ActiveCfg = Release|Any CPU
		{CC4CDEF6-D656-4324-AFB4-C25F537D89CE}.Release|Any CPU.Build.0 = Release|Any CPU
		{CC4CDEF6-D656-4324-AFB4-C25F537D89CE}.Release|Any CPU.Deploy.0 = Release|Any CPU
		{CC4CDEF6-D656-4324-AFB4-C25F537D89CE}.Release|ARM.ActiveCfg = Release|ARM
		{CC4CDEF6-D656-4324-AFB4-C25F537D89CE}.Release|ARM.Build.0 = Release|ARM
		{CC4CDEF6-D656-4324-AFB4-C25F537D89CE}.Release|ARM.Deploy.0 = Release|ARM
		{CC4CDEF6-D656-4324-AFB4-C25F537D89CE}.Release|x86.ActiveCfg = Release|x86
		{CC4CDEF6-D656-4324-AFB4-C25F537D89CE}.Release|x86.Build.0 = Release|x86
		{CC4CDEF6-D656-4324-AFB4-C25F537D89CE}.Release|x86.Deploy.0 = Release|x86
	EndGlobalSection
	GlobalSection(SolutionProperties) = preSolution
		HideSolutionNode = FALSE
	EndGlobalSection
EndGlobal
